
Microsoft Visual Studio Solution File, Format Version 12.00
# Visual Studio Version 17
VisualStudioVersion = 17.5.002.0
MinimumVisualStudioVersion = 10.0.40219.1
Project("{9A19103F-16F7-4668-BE54-9A1E7A4F7556}") = "Curso4Cs", "Curso4Cs.csproj", "{BBB5762E-4A69-43B7-8856-6FBEFCBF5347}"
EndProject
Global
	GlobalSection(SolutionConfigurationPlatforms) = preSolution
		Debug|Any CPU = Debug|Any CPU
		Release|Any CPU = Release|Any CPU
	EndGlobalSection
	GlobalSection(ProjectConfigurationPlatforms) = postSolution
		{BBB5762E-4A69-43B7-8856-6FBEFCBF5347}.Debug|Any CPU.ActiveCfg = Debug|Any CPU
		{BBB5762E-4A69-43B7-8856-6FBEFCBF5347}.Debug|Any CPU.Build.0 = Debug|Any CPU
		{BBB5762E-4A69-43B7-8856-6FBEFCBF5347}.Release|Any CPU.ActiveCfg = Release|Any CPU
		{BBB5762E-4A69-43B7-8856-6FBEFCBF5347}.Release|Any CPU.Build.0 = Release|Any CPU
	EndGlobalSection
	GlobalSection(SolutionProperties) = preSolution
		HideSolutionNode = FALSE
	EndGlobalSection
	GlobalSection(ExtensibilityGlobals) = postSolution
		SolutionGuid = {3599B5CF-E04D-46D0-85D1-D6D6545BC971}
	EndGlobalSection
EndGlobal
